{
  "version": 4,
  "terraform_version": "1.1.7",
  "serial": 104,
  "lineage": "3a0dedd2-4088-2147-aa03-dd09cd79d0f4",
  "outputs": {
    "hostname": {
      "value": "vlscmn-fra1",
      "type": "string"
    }
  },
  "resources": [
    {
      "mode": "managed",
      "type": "digitalocean_droplet",
      "name": "cm_nonprod",
      "provider": "provider[\"registry.terraform.io/digitalocean/digitalocean\"]",
      "instances": [
        {
          "status": "tainted",
          "schema_version": 1,
          "attributes": {
            "backups": false,
            "created_at": "2022-03-25T17:18:33Z",
            "disk": 25,
            "droplet_agent": null,
            "graceful_shutdown": false,
            "id": "292289731",
            "image": "ubuntu-20-04-x64",
            "ipv4_address": "104.248.254.66",
            "ipv4_address_private": "10.114.0.2",
            "ipv6": false,
            "ipv6_address": "",
            "locked": false,
            "memory": 1024,
            "monitoring": false,
            "name": "vlscmn-fra1",
            "price_hourly": 0.00744,
            "price_monthly": 5,
            "private_networking": true,
            "region": "fra1",
            "resize_disk": true,
            "size": "s-1vcpu-1gb",
            "ssh_keys": null,
            "status": "active",
            "tags": null,
            "urn": "do:droplet:292289731",
            "user_data": "ae600389a10bfa3adbcea08c181f52f14cca0cbd",
            "vcpus": 1,
            "volume_ids": [],
            "vpc_uuid": "81dc5f3e-1745-41a7-b36f-0652b19a9645"
          },
          "sensitive_attributes": [],
          "private": "eyJzY2hlbWFfdmVyc2lvbiI6IjEifQ=="
        }
      ]
    },
    {
      "mode": "managed",
      "type": "digitalocean_project",
      "name": "chaosmonkey_dev",
      "provider": "provider[\"registry.terraform.io/digitalocean/digitalocean\"]",
      "instances": []
    }
  ]
}
